
Microsoft Visual Studio Solution File, Format Version 12.00
# Visual Studio Version 17
VisualStudioVersion = 17.4.33403.182
MinimumVisualStudioVersion = 10.0.40219.1
Project("{FAE04EC0-301F-11D3-BF4B-00C04F79EFBC}") = "WebFormAndBootStrapt", "WebFormAndBootStrapt\WebFormAndBootStrapt.csproj", "{3B7EDCC6-032C-48A0-B71F-56526EE995D9}"
EndProject
Global
	GlobalSection(SolutionConfigurationPlatforms) = preSolution
		Debug|Any CPU = Debug|Any CPU
		Release|Any CPU = Release|Any CPU
	EndGlobalSection
	GlobalSection(ProjectConfigurationPlatforms) = postSolution
		{3B7EDCC6-032C-48A0-B71F-56526EE995D9}.Debug|Any CPU.ActiveCfg = Debug|Any CPU
		{3B7EDCC6-032C-48A0-B71F-56526EE995D9}.Debug|Any CPU.Build.0 = Debug|Any CPU
		{3B7EDCC6-032C-48A0-B71F-56526EE995D9}.Release|Any CPU.ActiveCfg = Release|Any CPU
		{3B7EDCC6-032C-48A0-B71F-56526EE995D9}.Release|Any CPU.Build.0 = Release|Any CPU
	EndGlobalSection
	GlobalSection(SolutionProperties) = preSolution
		HideSolutionNode = FALSE
	EndGlobalSection
	GlobalSection(ExtensibilityGlobals) = postSolution
		SolutionGuid = {937A7CA0-11BA-4A32-81ED-99565AA2EA6F}
	EndGlobalSection
EndGlobal
